
Microsoft Visual Studio Solution File, Format Version 12.00
# Visual Studio 15
VisualStudioVersion = 15.0.27130.2027
MinimumVisualStudioVersion = 10.0.40219.1
Project("{FAE04EC0-301F-11D3-BF4B-00C04F79EFBC}") = "Inlämninguppgift1", "Inlämninguppgift1\Inlämninguppgift1.csproj", "{2B58CE4E-B854-4AF7-8B72-5FD197BBB37A}"
EndProject
Global
	GlobalSection(SolutionConfigurationPlatforms) = preSolution
		Debug|Any CPU = Debug|Any CPU
		Release|Any CPU = Release|Any CPU
	EndGlobalSection
	GlobalSection(ProjectConfigurationPlatforms) = postSolution
		{2B58CE4E-B854-4AF7-8B72-5FD197BBB37A}.Debug|Any CPU.ActiveCfg = Debug|Any CPU
		{2B58CE4E-B854-4AF7-8B72-5FD197BBB37A}.Debug|Any CPU.Build.0 = Debug|Any CPU
		{2B58CE4E-B854-4AF7-8B72-5FD197BBB37A}.Release|Any CPU.ActiveCfg = Release|Any CPU
		{2B58CE4E-B854-4AF7-8B72-5FD197BBB37A}.Release|Any CPU.Build.0 = Release|Any CPU
	EndGlobalSection
	GlobalSection(SolutionProperties) = preSolution
		HideSolutionNode = FALSE
	EndGlobalSection
	GlobalSection(ExtensibilityGlobals) = postSolution
		SolutionGuid = {24F94052-A124-4CB1-8F0C-86867CA1F288}
	EndGlobalSection
EndGlobal
